
Microsoft Visual Studio Solution File, Format Version 12.00
Project("{FAE04EC0-301F-11D3-BF4B-00C04F79EFBC}") = "CRUD_Deployment", "CRUD_Deployment\CRUD_Deployment.csproj", "{174C94EA-AFB1-4303-BB0E-3ACD14163A4A}"
EndProject
Global
	GlobalSection(SolutionConfigurationPlatforms) = preSolution
		Debug|Any CPU = Debug|Any CPU
		Release|Any CPU = Release|Any CPU
	EndGlobalSection
	GlobalSection(ProjectConfigurationPlatforms) = postSolution
		{174C94EA-AFB1-4303-BB0E-3ACD14163A4A}.Debug|Any CPU.ActiveCfg = Debug|Any CPU
		{174C94EA-AFB1-4303-BB0E-3ACD14163A4A}.Debug|Any CPU.Build.0 = Debug|Any CPU
		{174C94EA-AFB1-4303-BB0E-3ACD14163A4A}.Release|Any CPU.ActiveCfg = Release|Any CPU
		{174C94EA-AFB1-4303-BB0E-3ACD14163A4A}.Release|Any CPU.Build.0 = Release|Any CPU
	EndGlobalSection
EndGlobal
